<?xml version="1.0" encoding="utf-8"?>
<Project ToolsVersion="4.0" xmlns="http://schemas.microsoft.com/developer/msbuild/2003">
  <ItemGroup>
    <ClCompile Include="AIController.cpp" />
    <ClCompile Include="AudioSourceComponent.cpp" />
    <ClCompile Include="AudioSourceComponentManager.cpp" />
    <ClCompile Include="BoostPadComponent.cpp" />
    <ClCompile Include="BoostPadComponentManager.cpp" />
    <ClCompile Include="BoxColliderComponent.cpp" />
    <ClCompile Include="CameraComponent.cpp" />
    <ClCompile Include="CapsuleColliderComponent.cpp" />
    <ClCompile Include="CharacterControllerComponent.cpp" />
    <ClCompile Include="ColliderComponent.cpp" />
    <ClCompile Include="ColliderComponentManager.cpp" />
    <ClCompile Include="ComponentMessageTypeToLua.cpp" />
    <ClCompile Include="ConcaveMeshCollider.cpp" />
    <ClCompile Include="Controller.cpp" />
    <ClCompile Include="FireComponent.cpp" />
    <ClCompile Include="IPickupComponent.cpp" />
    <ClCompile Include="ItemHolderComponent.cpp" />
    <ClCompile Include="KartComponent.cpp" />
    <ClCompile Include="KartComponentManager.cpp" />
    <ClCompile Include="KartControllerComponentManager.cpp" />
    <ClCompile Include="KeyboardControllerComponent.cpp" />
    <ClCompile Include="KartControllerComponent.cpp" />
    <ClCompile Include="MeshColliderComponent.cpp" />
    <ClCompile Include="PickupComponentManager.cpp" />
    <ClCompile Include="PlayerControllerManager.cpp" />
    <ClCompile Include="PointLightComponent.cpp" />
    <ClCompile Include="RigidBodyComponent.cpp" />
    <ClCompile Include="ScriptComponent.cpp" />
    <ClCompile Include="ScriptComponentManager.cpp" />
    <ClCompile Include="Component.cpp" />
    <ClCompile Include="ComponentManager.cpp" />
    <ClCompile Include="GameObject.cpp" />
    <ClCompile Include="ModelComponent.cpp" />
    <ClCompile Include="ModelComponentManager.cpp" />
    <ClCompile Include="GameObjectManager.cpp" />
    <ClCompile Include="ParticleEmitterComponent.cpp" />
    <ClCompile Include="ParticleEmitterComponentManager.cpp" />
    <ClCompile Include="SpeedHandlerManager.cpp" />
    <ClCompile Include="SpeedHandlerComponent.cpp" />
    <ClCompile Include="SphereColliderComponent.cpp" />
    <ClCompile Include="stdafx.cpp" />
    <ClCompile Include="StreakEmitterComponent.cpp" />
    <ClCompile Include="VertexStreamComponent.cpp" />
    <ClCompile Include="WeaponCratePickupComponent.cpp" />
    <ClCompile Include="XboxControllerComponent.cpp" />
    <ClCompile Include="Drifter.cpp" />
    <ClCompile Include="XboxController.cpp" />
    <ClCompile Include="KeyboardController.cpp" />
    <ClCompile Include="SmoothRotater.cpp" />
    <ClCompile Include="KartModelComponent.cpp" />
    <ClCompile Include="HazardComponent.cpp" />
    <ClCompile Include="ItemWeaponBehaviourComponent.cpp" />
    <ClCompile Include="RespawnerComponent.cpp" />
    <ClCompile Include="RespawnComponentManager.cpp" />
    <ClCompile Include="LapTrackerComponent.cpp" />
    <ClCompile Include="LapTrackerComponentManager.cpp" />
    <ClCompile Include="ItemWeaponBehaviourComponentManager.cpp" />
    <ClCompile Include="DriftTurner.cpp" />
    <ClCompile Include="GoalComponent.cpp" />
    <ClCompile Include="LightComponentManager.cpp" />
    <ClCompile Include="SpotLightComponent.cpp" />
    <ClCompile Include="RedShellBehaviourComponent.cpp" />
    <ClCompile Include="RedShellManager.cpp" />
    <ClCompile Include="TerrainComponent.cpp" />
    <ClCompile Include="BlueShellBehaviourComponent.cpp" />
    <ClCompile Include="BlueShellComponentManager.cpp" />
    <ClCompile Include="CharacterInfoComponent.cpp" />
    <ClCompile Include="AIMath.cpp" />
    <ClCompile Include="ExplosionComponent.cpp" />
    <ClCompile Include="ExplosionComponentManager.cpp" />
    <ClCompile Include="TimeTrackerComponent.cpp" />
    <ClCompile Include="TimeTrackerComponentManager.cpp" />
    <ClCompile Include="DecalComponent.cpp" />
    <ClCompile Include="C3DSpriteComponent.cpp" />
    <ClCompile Include="SailInCirclesComponent.cpp" />
    <ClCompile Include="SailInCirclesManager.cpp" />
    <ClCompile Include="CameraTilter.cpp" />
  </ItemGroup>
  <ItemGroup>
    <ClInclude Include="AudioSourceComponent.h" />
    <ClInclude Include="AudioSourceComponentManager.h" />
    <ClInclude Include="BoostPadComponent.h" />
    <ClInclude Include="BoostPadComponentManager.h" />
    <ClInclude Include="BoxColliderComponent.h" />
    <ClInclude Include="CameraComponent.h" />
    <ClInclude Include="CapsuleColliderComponent.h" />
    <ClInclude Include="CharacterControllerComponent.h" />
    <ClInclude Include="ColliderComponent.h" />
    <ClInclude Include="ColliderComponentManager.h" />
    <ClInclude Include="ComponentAnswer.h" />
    <ClInclude Include="ComponentMessageCallback.h" />
    <ClInclude Include="ComponentMessageTypeToLua.h" />
    <ClInclude Include="ConcaveMeshCollider.h" />
    <ClInclude Include="IPickupComponent.h" />
    <ClInclude Include="ItemHolderComponent.h" />
    <ClInclude Include="ItemTypes.h" />
    <ClInclude Include="KartComponent.h" />
    <ClInclude Include="KartComponentManager.h" />
    <ClInclude Include="KartControllerComponentManager.h" />
    <ClInclude Include="KeyboardControllerComponent.h" />
    <ClInclude Include="Controller.h" />
    <ClInclude Include="KartControllerComponent.h" />
    <ClInclude Include="MeshColliderComponent.h" />
    <ClInclude Include="PickupComponentManager.h" />
    <ClInclude Include="PlayerControllerManager.h" />
    <ClInclude Include="resource.h" />
    <ClInclude Include="RigidBodyComponent.h" />
    <ClInclude Include="SpeedHandlerManager.h" />
    <ClInclude Include="BoostData.h" />
    <ClInclude Include="SpeedHandlerComponent.h" />
    <ClInclude Include="SphereColliderComponent.h" />
    <ClInclude Include="FireComponent.h" />
    <ClInclude Include="PointLightComponent.h" />
    <ClInclude Include="ScriptComponent.h" />
    <ClInclude Include="ScriptComponentManager.h" />
    <ClInclude Include="Component.h" />
    <ClInclude Include="ComponentManager.h" />
    <ClInclude Include="ComponentMessage.h" />
    <ClInclude Include="GameObject.h" />
    <ClInclude Include="ModelComponent.h" />
    <ClInclude Include="ModelComponentManager.h" />
    <ClInclude Include="GameObjectManager.h" />
    <ClInclude Include="ParticleEmitterComponent.h" />
    <ClInclude Include="ParticleEmitterComponentManager.h" />
    <ClInclude Include="stdafx.h" />
    <ClInclude Include="StreakEmitterComponent.h" />
    <ClInclude Include="targetver.h" />
    <ClInclude Include="VertexStreamComponent.h" />
    <ClInclude Include="WeaponCratePickupComponent.h" />
    <ClInclude Include="XboxControllerComponent.h" />
    <ClInclude Include="Drifter.h" />
    <ClInclude Include="XboxController.h" />
    <ClInclude Include="KeyboardController.h" />
    <ClInclude Include="SmoothRotater.h" />
    <ClInclude Include="KartModelComponent.h" />
    <ClInclude Include="HazardComponent.h" />
    <ClInclude Include="ItemWeaponBehaviourComponent.h" />
    <ClInclude Include="RespawnerComponent.h" />
    <ClInclude Include="RespawnComponentManager.h" />
    <ClInclude Include="LapTrackerComponent.h" />
    <ClInclude Include="LapTrackerComponentManager.h" />
    <ClInclude Include="ItemWeaponBehaviourComponentManager.h" />
    <ClInclude Include="DriftTurner.h" />
    <ClInclude Include="GoalComponent.h" />
    <ClInclude Include="CurrentAction.h" />
    <ClInclude Include="AIController.h" />
    <ClInclude Include="LightComponentManager.h" />
    <ClInclude Include="SpotLightComponent.h" />
    <ClInclude Include="RedShellBehaviourComponent.h" />
    <ClInclude Include="RedShellManager.h" />
    <ClInclude Include="TerrainComponent.h" />
    <ClInclude Include="BlueShellBehaviourComponent.h" />
    <ClInclude Include="BlueShellComponentManager.h" />
    <ClInclude Include="CharacterInfoComponent.h" />
    <ClInclude Include="AIMath.h" />
    <ClInclude Include="ExplosionComponent.h" />
    <ClInclude Include="ExplosionComponentManager.h" />
    <ClInclude Include="TimeTrackerComponent.h" />
    <ClInclude Include="TimeTrackerComponentManager.h" />
    <ClInclude Include="DecalComponent.h" />
    <ClInclude Include="C3DSpriteComponent.h" />
    <ClInclude Include="SailInCirclesComponent.h" />
    <ClInclude Include="SailInCirclesManager.h" />
    <ClInclude Include="CameraTilter.h" />
  </ItemGroup>
</Project>