<?xml version="1.0" encoding="utf-8"?>
<Project ToolsVersion="4.0" xmlns="http://schemas.microsoft.com/developer/msbuild/2003">
  <ItemGroup>
    <Filter Include="Postmaster">
      <UniqueIdentifier>{abd4ee60-8087-43e9-a117-35238344a030}</UniqueIdentifier>
    </Filter>
    <Filter Include="PostOffice">
      <UniqueIdentifier>{ec3c5fc1-d7c6-421c-950b-cc82fc17de11}</UniqueIdentifier>
    </Filter>
    <Filter Include="Message">
      <UniqueIdentifier>{0551b411-b009-42fb-a4e8-faba4028d029}</UniqueIdentifier>
    </Filter>
    <Filter Include="Subscriber">
      <UniqueIdentifier>{6927ca86-de79-4b57-9db9-4cc4aa71adcd}</UniqueIdentifier>
    </Filter>
    <Filter Include="Subscriber\Base">
      <UniqueIdentifier>{b0fb210e-51ee-479e-97e1-7911c284d0cf}</UniqueIdentifier>
    </Filter>
    <Filter Include="Message\Base">
      <UniqueIdentifier>{190b67dc-6618-405b-b9e3-9d986ad5d990}</UniqueIdentifier>
    </Filter>
    <Filter Include="Object">
      <UniqueIdentifier>{8f1ea0bb-9cf2-45ef-902c-91b21997b2a3}</UniqueIdentifier>
    </Filter>
    <Filter Include="Narrowcast">
      <UniqueIdentifier>{07d5e4a1-cece-4bb3-973a-410afca7d6d3}</UniqueIdentifier>
    </Filter>
    <Filter Include="Message\ConnectMessage">
      <UniqueIdentifier>{d2feedd4-f20e-4879-9a79-94b6c5883ca5}</UniqueIdentifier>
    </Filter>
    <Filter Include="Message\ConectedMessage">
      <UniqueIdentifier>{579d5494-06f4-43b1-b768-3b8d8cc4dd6a}</UniqueIdentifier>
    </Filter>
    <Filter Include="Message\LoadLevelMessage">
      <UniqueIdentifier>{eb503b53-c5f8-4a07-a5cb-1b591e6ab7a0}</UniqueIdentifier>
    </Filter>
    <Filter Include="Message\SetClientIDMessage">
      <UniqueIdentifier>{f6e8b8c3-3259-4f50-be2c-a35ad26843cf}</UniqueIdentifier>
    </Filter>
    <Filter Include="Message\NetworkDebugInfo">
      <UniqueIdentifier>{aa667845-5d9b-4273-bf67-8bc1eb5e03c3}</UniqueIdentifier>
    </Filter>
    <Filter Include="Message\GameEventMessage">
      <UniqueIdentifier>{c263562d-6a4e-4286-9460-75a81e6906f7}</UniqueIdentifier>
    </Filter>
    <Filter Include="Message\DrawCallsCount">
      <UniqueIdentifier>{6c02e1c6-addc-4641-9984-b65c517db634}</UniqueIdentifier>
    </Filter>
    <Filter Include="Message\DroppedFile">
      <UniqueIdentifier>{0c7f4786-c4dc-4d09-bcf8-f3fef94c5826}</UniqueIdentifier>
    </Filter>
    <Filter Include="Message\FocusChanged">
      <UniqueIdentifier>{57a255b0-4735-47ce-b4ab-8b2f53505b04}</UniqueIdentifier>
    </Filter>
    <Filter Include="Message\KeyCharPressed">
      <UniqueIdentifier>{1398b1ec-b46a-4afc-9483-23f8c323c3af}</UniqueIdentifier>
    </Filter>
    <Filter Include="Message\SetVibrationOnController">
      <UniqueIdentifier>{45f6e66e-600f-42dd-a57c-e2438ea2931f}</UniqueIdentifier>
    </Filter>
    <Filter Include="Message\ConsoleCalledUpon">
      <UniqueIdentifier>{cceb4a49-38a8-4b2d-8806-b4b3538c79ee}</UniqueIdentifier>
    </Filter>
    <Filter Include="Message\PushState">
      <UniqueIdentifier>{9579c79a-b1fd-4e9e-a4b1-33b4ab6efa9e}</UniqueIdentifier>
    </Filter>
    <Filter Include="Message\QuitGame">
      <UniqueIdentifier>{63e2c453-b02f-4494-90d1-57a7598e4364}</UniqueIdentifier>
    </Filter>
    <Filter Include="Message\PopCurrentState">
      <UniqueIdentifier>{e77277db-8a9b-43a4-8fcc-0e17ff3e81b4}</UniqueIdentifier>
    </Filter>
    <Filter Include="Message\PlayerFinished">
      <UniqueIdentifier>{bc8ac495-8149-4bd1-8292-e8bfe14a825c}</UniqueIdentifier>
    </Filter>
    <Filter Include="Message\RaceOver">
      <UniqueIdentifier>{3de636cf-b5aa-4d97-938f-c8c1770e0d5a}</UniqueIdentifier>
    </Filter>
    <Filter Include="AIFinished">
      <UniqueIdentifier>{b6f3c342-a101-44d1-bfaf-229dbbe0800e}</UniqueIdentifier>
    </Filter>
    <Filter Include="Message\BlueShellWarning">
      <UniqueIdentifier>{95eed5fe-a1b5-49f6-bcf0-8bf8325e32e4}</UniqueIdentifier>
    </Filter>
  </ItemGroup>
  <ItemGroup>
    <ClCompile Include="Postmaster.cpp">
      <Filter>Postmaster</Filter>
    </ClCompile>
    <ClCompile Include="PostOffice.cpp">
      <Filter>PostOffice</Filter>
    </ClCompile>
    <ClCompile Include="Subscriber.cpp">
      <Filter>Subscriber\Base</Filter>
    </ClCompile>
    <ClCompile Include="ConetctMessage.cpp">
      <Filter>Message\ConnectMessage</Filter>
    </ClCompile>
    <ClCompile Include="ConectedMessage.cpp">
      <Filter>Message\ConectedMessage</Filter>
    </ClCompile>
    <ClCompile Include="LoadLevelMessage.cpp">
      <Filter>Message\LoadLevelMessage</Filter>
    </ClCompile>
    <ClCompile Include="SetClientIDMessage.cpp">
      <Filter>Message\SetClientIDMessage</Filter>
    </ClCompile>
    <ClCompile Include="NetworkDebugInfo.cpp">
      <Filter>Message\NetworkDebugInfo</Filter>
    </ClCompile>
    <ClCompile Include="GameEventMessage.cpp">
      <Filter>Message\GameEventMessage</Filter>
    </ClCompile>
    <ClCompile Include="stdafx.cpp" />
    <ClCompile Include="ConsoleCalledUpon.cpp">
      <Filter>Message\ConsoleCalledUpon</Filter>
    </ClCompile>
    <ClCompile Include="DrawCallsCount.cpp">
      <Filter>Message\DrawCallsCount</Filter>
    </ClCompile>
    <ClCompile Include="DroppedFile.cpp">
      <Filter>Message\DroppedFile</Filter>
    </ClCompile>
    <ClCompile Include="FocusChange.cpp">
      <Filter>Message\FocusChanged</Filter>
    </ClCompile>
    <ClCompile Include="KeyCharPressed.cpp">
      <Filter>Message\KeyCharPressed</Filter>
    </ClCompile>
    <ClCompile Include="QuitGame.cpp">
      <Filter>Message\QuitGame</Filter>
    </ClCompile>
    <ClCompile Include="PushState.cpp">
      <Filter>Message\PushState</Filter>
    </ClCompile>
    <ClCompile Include="SetVibrationOnController.cpp">
      <Filter>Message\SetVibrationOnController</Filter>
    </ClCompile>
    <ClCompile Include="StopVibrationOnController.cpp">
      <Filter>Message\SetVibrationOnController</Filter>
    </ClCompile>
    <ClCompile Include="PopCurrentState.cpp">
      <Filter>Message\PopCurrentState</Filter>
    </ClCompile>
    <ClCompile Include="PlayerFinishedMessage.cpp">
      <Filter>Message\PlayerFinished</Filter>
    </ClCompile>
    <ClCompile Include="RaceOverMessage.cpp">
      <Filter>Message\RaceOver</Filter>
    </ClCompile>
    <ClCompile Include="AIFinishedMessage.cpp">
      <Filter>AIFinished</Filter>
    </ClCompile>
    <ClCompile Include="RaceStartedMessage.cpp" />
    <ClCompile Include="BlueShellWarningMessage.cpp">
      <Filter>Message\BlueShellWarning</Filter>
    </ClCompile>
  </ItemGroup>
  <ItemGroup>
    <ClInclude Include="Postmaster.h">
      <Filter>Postmaster</Filter>
    </ClInclude>
    <ClInclude Include="PostOffice.h">
      <Filter>PostOffice</Filter>
    </ClInclude>
    <ClInclude Include="Subscriber.h">
      <Filter>Subscriber\Base</Filter>
    </ClInclude>
    <ClInclude Include="Message.h">
      <Filter>Message\Base</Filter>
    </ClInclude>
    <ClInclude Include="Object.h">
      <Filter>Object</Filter>
    </ClInclude>
    <ClInclude Include="NarrowcastStruct.h">
      <Filter>Narrowcast</Filter>
    </ClInclude>
    <ClInclude Include="ConetctMessage.h">
      <Filter>Message\ConnectMessage</Filter>
    </ClInclude>
    <ClInclude Include="ConectedMessage.h">
      <Filter>Message\ConectedMessage</Filter>
    </ClInclude>
    <ClInclude Include="LoadLevelMessage.h">
      <Filter>Message\LoadLevelMessage</Filter>
    </ClInclude>
    <ClInclude Include="SetClientIDMessage.h">
      <Filter>Message\SetClientIDMessage</Filter>
    </ClInclude>
    <ClInclude Include="NetworkDebugInfo.h">
      <Filter>Message\NetworkDebugInfo</Filter>
    </ClInclude>
    <ClInclude Include="GameEventMessage.h">
      <Filter>Message\GameEventMessage</Filter>
    </ClInclude>
    <ClInclude Include="stdafx.h" />
    <ClInclude Include="EMessageReturn.h">
      <Filter>Message\Base</Filter>
    </ClInclude>
    <ClInclude Include="MessageType.h">
      <Filter>Message\Base</Filter>
    </ClInclude>
    <ClInclude Include="ConsoleCalledUpon.h">
      <Filter>Message\ConsoleCalledUpon</Filter>
    </ClInclude>
    <ClInclude Include="DrawCallsCount.h">
      <Filter>Message\DrawCallsCount</Filter>
    </ClInclude>
    <ClInclude Include="DroppedFile.h">
      <Filter>Message\DroppedFile</Filter>
    </ClInclude>
    <ClInclude Include="FocusChange.h">
      <Filter>Message\FocusChanged</Filter>
    </ClInclude>
    <ClInclude Include="KeyCharPressed.h">
      <Filter>Message\KeyCharPressed</Filter>
    </ClInclude>
    <ClInclude Include="QuitGame.h">
      <Filter>Message\QuitGame</Filter>
    </ClInclude>
    <ClInclude Include="PushState.h">
      <Filter>Message\PushState</Filter>
    </ClInclude>
    <ClInclude Include="SetVibrationOnController.h">
      <Filter>Message\SetVibrationOnController</Filter>
    </ClInclude>
    <ClInclude Include="StopVibrationOnController.h">
      <Filter>Message\SetVibrationOnController</Filter>
    </ClInclude>
    <ClInclude Include="PopCurrentState.h">
      <Filter>Message\PopCurrentState</Filter>
    </ClInclude>
    <ClInclude Include="PlayerFinishedMessage.h">
      <Filter>Message\PlayerFinished</Filter>
    </ClInclude>
    <ClInclude Include="RaceOverMessage.h">
      <Filter>Message\RaceOver</Filter>
    </ClInclude>
    <ClInclude Include="AIFinishedMessage.h">
      <Filter>AIFinished</Filter>
    </ClInclude>
    <ClInclude Include="RaceStartedMessage.h" />
    <ClInclude Include="BlueShellWarningMessage.h">
      <Filter>Message\BlueShellWarning</Filter>
    </ClInclude>
  </ItemGroup>
</Project>